{
  "requires": true,
  "lockfileVersion": 1,
  "dependencies": {
    "@protobufjs/aspromise": {
      "version": "1.1.2",
      "resolved": "https://registry.npmjs.org/@protobufjs/aspromise/-/aspromise-1.1.2.tgz",
      "integrity": "sha1-m4sMxmPWaafY9vXQiToU00jzD78="
    },
    "@protobufjs/base64": {
      "version": "1.1.2",
      "resolved": "https://registry.npmjs.org/@protobufjs/base64/-/base64-1.1.2.tgz",
      "integrity": "sha512-AZkcAA5vnN/v4PDqKyMR5lx7hZttPDgClv83E//FMNhR2TMcLUhfRUBHCmSl0oi9zMgDDqRUJkSxO3wm85+XLg=="
    },
    "@protobufjs/codegen": {
      "version": "2.0.4",
      "resolved": "https://registry.npmjs.org/@protobufjs/codegen/-/codegen-2.0.4.tgz",
      "integrity": "sha512-YyFaikqM5sH0ziFZCN3xDC7zeGaB/d0IUb9CATugHWbd1FRFwWwt4ld4OYMPWu5a3Xe01mGAULCdqhMlPl29Jg=="
    },
    "@protobufjs/eventemitter": {
      "version": "1.1.0",
      "resolved": "https://registry.npmjs.org/@protobufjs/eventemitter/-/eventemitter-1.1.0.tgz",
      "integrity": "sha1-NVy8mLr61ZePntCV85diHx0Ga3A="
    },
    "@protobufjs/fetch": {
      "version": "1.1.0",
      "resolved": "https://registry.npmjs.org/@protobufjs/fetch/-/fetch-1.1.0.tgz",
      "integrity": "sha1-upn7WYYUr2VwDBYZ/wbUVLDYTEU=",
      "requires": {
        "@protobufjs/aspromise": "^1.1.1",
        "@protobufjs/inquire": "^1.1.0"
      }
    },
    "@protobufjs/float": {
      "version": "1.0.2",
      "resolved": "https://registry.npmjs.org/@protobufjs/float/-/float-1.0.2.tgz",
      "integrity": "sha1-Xp4avctz/Ap8uLKR33jIy9l7h9E="
    },
    "@protobufjs/inquire": {
      "version": "1.1.0",
      "resolved": "https://registry.npmjs.org/@protobufjs/inquire/-/inquire-1.1.0.tgz",
      "integrity": "sha1-/yAOPnzyQp4tyvwRQIKOjMY48Ik="
    },
    "@protobufjs/path": {
      "version": "1.1.2",
      "resolved": "https://registry.npmjs.org/@protobufjs/path/-/path-1.1.2.tgz",
      "integrity": "sha1-bMKyDFya1q0NzP0hynZz2Nf79o0="
    },
    "@protobufjs/pool": {
      "version": "1.1.0",
      "resolved": "https://registry.npmjs.org/@protobufjs/pool/-/pool-1.1.0.tgz",
      "integrity": "sha1-Cf0V8tbTq/qbZbw2ZQbWrXhG/1Q="
    },
    "@protobufjs/utf8": {
      "version": "1.1.0",
      "resolved": "https://registry.npmjs.org/@protobufjs/utf8/-/utf8-1.1.0.tgz",
      "integrity": "sha1-p3c2C1s5oaLlEG+OhY8v0tBgxXA="
    },
    "@tensorflow/tfjs": {
      "version": "0.15.3",
      "resolved": "https://registry.npmjs.org/@tensorflow/tfjs/-/tfjs-0.15.3.tgz",
      "integrity": "sha512-NBAs+iGBNBxprm98mk488EfTDl2kA/lzNguoQGEMeIPWVHTbadSn2QV5xXKAf/fcOat+JwVfqe2vxHBbTjHMOw==",
      "requires": {
        "@tensorflow/tfjs-converter": "0.8.4",
        "@tensorflow/tfjs-core": "0.15.4",
        "@tensorflow/tfjs-data": "0.2.3",
        "@tensorflow/tfjs-layers": "0.10.3"
      }
    },
    "@tensorflow/tfjs-converter": {
      "version": "0.8.4",
      "resolved": "https://registry.npmjs.org/@tensorflow/tfjs-converter/-/tfjs-converter-0.8.4.tgz",
      "integrity": "sha512-hHTyQiQOeYvFB/zL/jDT51hx+voOoKOVHSAWzPG10G8+H7ljQsRzxj19X/PIk8EUo9TXJT2Aj+/WW0guK+0wJg==",
      "requires": {
        "@types/long": "~3.0.32",
        "protobufjs": "~6.8.6"
      }
    },
    "@tensorflow/tfjs-core": {
      "version": "0.15.4",
      "resolved": "https://registry.npmjs.org/@tensorflow/tfjs-core/-/tfjs-core-0.15.4.tgz",
      "integrity": "sha512-CWi6PuWOBfFRRzn4gl4rcCtwHkimYexGaQi5rwF2jPntknT8TIhonkacvuBROEfeq2PEvqKzCWJTU5+AmCj2HQ==",
      "requires": {
        "@types/seedrandom": "2.4.27",
        "@types/webgl-ext": "0.0.30",
        "@types/webgl2": "0.0.4",
        "seedrandom": "2.4.3"
      }
    },
    "@tensorflow/tfjs-data": {
      "version": "0.2.3",
      "resolved": "https://registry.npmjs.org/@tensorflow/tfjs-data/-/tfjs-data-0.2.3.tgz",
      "integrity": "sha512-U9eDD35i0jFQtbm90XMP+dVEwaE0hCrhbt6OEpDCTYxdCLOMDnKVmx+q2TOoCPvTxToC6jHOMPKXO23bLAJsxw==",
      "requires": {
        "@types/node-fetch": "^2.1.2",
        "node-fetch": "~2.1.2",
        "seedrandom": "~2.4.3"
      }
    },
    "@tensorflow/tfjs-layers": {
      "version": "0.10.3",
      "resolved": "https://registry.npmjs.org/@tensorflow/tfjs-layers/-/tfjs-layers-0.10.3.tgz",
      "integrity": "sha512-Xhaz4+ZuL2SEm3S0u4x04dMYMrcG4w4dhMOjoQW8GhAJU4p7LkmP9TmwMEHp7CIVJiJzzQy7Hg8E5fESEnJinA=="
    },
    "@types/long": {
      "version": "3.0.32",
      "resolved": "https://registry.npmjs.org/@types/long/-/long-3.0.32.tgz",
      "integrity": "sha512-ZXyOOm83p7X8p3s0IYM3VeueNmHpkk/yMlP8CLeOnEcu6hIwPH7YjZBvhQkR0ZFS2DqZAxKtJ/M5fcuv3OU5BA=="
    },
    "@types/node": {
      "version": "10.12.29",
      "resolved": "https://registry.npmjs.org/@types/node/-/node-10.12.29.tgz",
      "integrity": "sha512-J/tnbnj8HcsBgCe2apZbdUpQ7hs4d7oZNTYA5bekWdP0sr2NGsOpI/HRdDroEi209tEvTcTtxhD0FfED3DhEcw=="
    },
    "@types/node-fetch": {
      "version": "2.1.6",
      "resolved": "https://registry.npmjs.org/@types/node-fetch/-/node-fetch-2.1.6.tgz",
      "integrity": "sha512-Hv1jgh3pfpUEl2F2mqUd1AfLSk1YbUCeBJFaP36t7esAO617dErqdxWb5cdG2NfJGOofkmBW36fdx0dVewxDRg==",
      "requires": {
        "@types/node": "*"
      }
    },
    "@types/seedrandom": {
      "version": "2.4.27",
      "resolved": "https://registry.npmjs.org/@types/seedrandom/-/seedrandom-2.4.27.tgz",
      "integrity": "sha1-nbVjk33YaRX2kJK8QyWdL0hXjkE="
    },
    "@types/webgl-ext": {
      "version": "0.0.30",
      "resolved": "https://registry.npmjs.org/@types/webgl-ext/-/webgl-ext-0.0.30.tgz",
      "integrity": "sha512-LKVgNmBxN0BbljJrVUwkxwRYqzsAEPcZOe6S2T6ZaBDIrFp0qu4FNlpc5sM1tGbXUYFgdVQIoeLk1Y1UoblyEg=="
    },
    "@types/webgl2": {
      "version": "0.0.4",
      "resolved": "https://registry.npmjs.org/@types/webgl2/-/webgl2-0.0.4.tgz",
      "integrity": "sha512-PACt1xdErJbMUOUweSrbVM7gSIYm1vTncW2hF6Os/EeWi6TXYAYMPp+8v6rzHmypE5gHrxaxZNXgMkJVIdZpHw=="
    },
    "face-api.js": {
      "version": "0.18.0",
      "resolved": "https://registry.npmjs.org/face-api.js/-/face-api.js-0.18.0.tgz",
      "integrity": "sha512-SbUGAIrNAMbCA8E+w0vArfEt4zQyoWIBax8hXPsWgxCx7uim/o9s305xo68ltzYgMnPvXMWPin89GgDN+eMECA==",
      "requires": {
        "@tensorflow/tfjs-core": "0.14.2",
        "tfjs-image-recognition-base": "^0.4.1",
        "tslib": "^1.9.3"
      },
      "dependencies": {
        "@tensorflow/tfjs-core": {
          "version": "0.14.2",
          "resolved": "https://registry.npmjs.org/@tensorflow/tfjs-core/-/tfjs-core-0.14.2.tgz",
          "integrity": "sha512-VVbcu6H3ioKCkfkep/gQASfzPnQt3C5v+4ppH9pQ6Lf0lD+l3NMuMJYxa8Wjac1TfiWhFEX58bJvhpMfTGsUlg==",
          "requires": {
            "@types/seedrandom": "2.4.27",
            "@types/webgl-ext": "0.0.30",
            "@types/webgl2": "0.0.4",
            "seedrandom": "2.4.3"
          }
        }
      }
    },
    "long": {
      "version": "4.0.0",
      "resolved": "https://registry.npmjs.org/long/-/long-4.0.0.tgz",
      "integrity": "sha512-XsP+KhQif4bjX1kbuSiySJFNAehNxgLb6hPRGJ9QsUr8ajHkuXGdrHmFUTUUXhDwVX2R5bY4JNZEwbUiMhV+MA=="
    },
    "node-fetch": {
      "version": "2.1.2",
      "resolved": "https://registry.npmjs.org/node-fetch/-/node-fetch-2.1.2.tgz",
      "integrity": "sha1-q4hOjn5X44qUR1POxwb3iNF2i7U="
    },
    "protobufjs": {
      "version": "6.8.8",
      "resolved": "https://registry.npmjs.org/protobufjs/-/protobufjs-6.8.8.tgz",
      "integrity": "sha512-AAmHtD5pXgZfi7GMpllpO3q1Xw1OYldr+dMUlAnffGTAhqkg72WdmSY71uKBF/JuyiKs8psYbtKrhi0ASCD8qw==",
      "requires": {
        "@protobufjs/aspromise": "^1.1.2",
        "@protobufjs/base64": "^1.1.2",
        "@protobufjs/codegen": "^2.0.4",
        "@protobufjs/eventemitter": "^1.1.0",
        "@protobufjs/fetch": "^1.1.0",
        "@protobufjs/float": "^1.0.2",
        "@protobufjs/inquire": "^1.1.0",
        "@protobufjs/path": "^1.1.2",
        "@protobufjs/pool": "^1.1.0",
        "@protobufjs/utf8": "^1.1.0",
        "@types/long": "^4.0.0",
        "@types/node": "^10.1.0",
        "long": "^4.0.0"
      },
      "dependencies": {
        "@types/long": {
          "version": "4.0.0",
          "resolved": "https://registry.npmjs.org/@types/long/-/long-4.0.0.tgz",
          "integrity": "sha512-1w52Nyx4Gq47uuu0EVcsHBxZFJgurQ+rTKS3qMHxR1GY2T8c2AJYd6vZoZ9q1rupaDjU0yT+Jc2XTyXkjeMA+Q=="
        }
      }
    },
    "seedrandom": {
      "version": "2.4.3",
      "resolved": "https://registry.npmjs.org/seedrandom/-/seedrandom-2.4.3.tgz",
      "integrity": "sha1-JDhQTa0zkXMUv/GKxNeU8W1qrsw="
    },
    "tfjs-image-recognition-base": {
      "version": "0.4.1",
      "resolved": "https://registry.npmjs.org/tfjs-image-recognition-base/-/tfjs-image-recognition-base-0.4.1.tgz",
      "integrity": "sha512-oJOLByZa0OgPaLB17ZlL2qO8dIQwgV1ma4/iEFbzVbF8yd0qOomIuEGvyPzXDfD0dmyPwzj8Ysa3Jq+O375Fpw==",
      "requires": {
        "@tensorflow/tfjs-core": "0.14.2",
        "tslib": "^1.9.3"
      },
      "dependencies": {
        "@tensorflow/tfjs-core": {
          "version": "0.14.2",
          "resolved": "https://registry.npmjs.org/@tensorflow/tfjs-core/-/tfjs-core-0.14.2.tgz",
          "integrity": "sha512-VVbcu6H3ioKCkfkep/gQASfzPnQt3C5v+4ppH9pQ6Lf0lD+l3NMuMJYxa8Wjac1TfiWhFEX58bJvhpMfTGsUlg==",
          "requires": {
            "@types/seedrandom": "2.4.27",
            "@types/webgl-ext": "0.0.30",
            "@types/webgl2": "0.0.4",
            "seedrandom": "2.4.3"
          }
        }
      }
    },
    "tslib": {
      "version": "1.9.3",
      "resolved": "https://registry.npmjs.org/tslib/-/tslib-1.9.3.tgz",
      "integrity": "sha512-4krF8scpejhaOgqzBEcGM7yDIEfi0/8+8zDRZhNZZ2kjmHJ4hv3zCbQWxoJGz1iw5U0Jl0nma13xzHXcncMavQ=="
    }
  }
}
